// !$*UTF8*$!
{
	archiveVersion = 1;
	classes = {
	};
	objectVersion = 46;
	objects = {

/* Begin PBXBuildFile section */
		5ECDA92B1C225F6000B7BB9E /* UWAppDelegate.swift in Sources */ = {isa = PBXBuildFile; fileRef = 5ECDA92A1C225F6000B7BB9E /* UWAppDelegate.swift */; };
		5ECDA92D1C225F6000B7BB9E /* UWViewController.swift in Sources */ = {isa = PBXBuildFile; fileRef = 5ECDA92C1C225F6000B7BB9E /* UWViewController.swift */; };
		5ECDA9301C225F6000B7BB9E /* Main.storyboard in Resources */ = {isa = PBXBuildFile; fileRef = 5ECDA92E1C225F6000B7BB9E /* Main.storyboard */; };
		5ECDA9321C225F6000B7BB9E /* Assets.xcassets in Resources */ = {isa = PBXBuildFile; fileRef = 5ECDA9311C225F6000B7BB9E /* Assets.xcassets */; };
		5ECDA9351C225F6000B7BB9E /* LaunchScreen.storyboard in Resources */ = {isa = PBXBuildFile; fileRef = 5ECDA9331C225F6000B7BB9E /* LaunchScreen.storyboard */; };
		5ECDA93D1C22601400B7BB9E /* UWRadioPlayer.swift in Sources */ = {isa = PBXBuildFile; fileRef = 5ECDA93C1C22601400B7BB9E /* UWRadioPlayer.swift */; };
		5ECDA9821C22605700B7BB9E /* Icon-60.png in Resources */ = {isa = PBXBuildFile; fileRef = 5ECDA9751C22605700B7BB9E /* Icon-60.png */; };
		5ECDA9831C22605700B7BB9E /* Icon-72.png in Resources */ = {isa = PBXBuildFile; fileRef = 5ECDA9761C22605700B7BB9E /* Icon-72.png */; };
		5ECDA9841C22605700B7BB9E /* Icon-72@2x.png in Resources */ = {isa = PBXBuildFile; fileRef = 5ECDA9771C22605700B7BB9E /* Icon-72@2x.png */; };
		5ECDA9851C22605700B7BB9E /* Icon-Small-50.png in Resources */ = {isa = PBXBuildFile; fileRef = 5ECDA9781C22605700B7BB9E /* Icon-Small-50.png */; };
		5ECDA9861C22605700B7BB9E /* Icon-Small-50@2x.png in Resources */ = {isa = PBXBuildFile; fileRef = 5ECDA9791C22605700B7BB9E /* Icon-Small-50@2x.png */; };
		5ECDA9871C22605700B7BB9E /* Icon.png in Resources */ = {isa = PBXBuildFile; fileRef = 5ECDA97A1C22605700B7BB9E /* Icon.png */; };
		5ECDA9881C22605700B7BB9E /* Icon@2x.png in Resources */ = {isa = PBXBuildFile; fileRef = 5ECDA97B1C22605700B7BB9E /* Icon@2x.png */; };
		5ECDA9891C22605700B7BB9E /* iTunesArtwork.png in Resources */ = {isa = PBXBuildFile; fileRef = 5ECDA97C1C22605700B7BB9E /* iTunesArtwork.png */; };
		5ECDA98A1C22605700B7BB9E /* iTunesArtwork@2x.png in Resources */ = {isa = PBXBuildFile; fileRef = 5ECDA97D1C22605700B7BB9E /* iTunesArtwork@2x.png */; };
		5ECDA98B1C22605700B7BB9E /* logo.png in Resources */ = {isa = PBXBuildFile; fileRef = 5ECDA97E1C22605700B7BB9E /* logo.png */; };
		5ECDA98C1C22605700B7BB9E /* swoosh.png in Resources */ = {isa = PBXBuildFile; fileRef = 5ECDA97F1C22605700B7BB9E /* swoosh.png */; };
		5ECDA98D1C22605700B7BB9E /* UWavePauseButton.png in Resources */ = {isa = PBXBuildFile; fileRef = 5ECDA9801C22605700B7BB9E /* UWavePauseButton.png */; };
		5ECDA98E1C22605700B7BB9E /* UWavePlayButton.png in Resources */ = {isa = PBXBuildFile; fileRef = 5ECDA9811C22605700B7BB9E /* UWavePlayButton.png */; };
		5ECDA9921C2295BA00B7BB9E /* UWPlayPauseButton.swift in Sources */ = {isa = PBXBuildFile; fileRef = 5ECDA9911C2295BA00B7BB9E /* UWPlayPauseButton.swift */; };
		5ECDA9971C22A6ED00B7BB9E /* UIColor.swift in Sources */ = {isa = PBXBuildFile; fileRef = 5ECDA9961C22A6ED00B7BB9E /* UIColor.swift */; };
		5ECDA9991C22AA2800B7BB9E /* UWApp.swift in Sources */ = {isa = PBXBuildFile; fileRef = 5ECDA9981C22AA2800B7BB9E /* UWApp.swift */; };
		5ECDA99B1C22AA5D00B7BB9E /* UWNetworkingEngine.swift in Sources */ = {isa = PBXBuildFile; fileRef = 5ECDA99A1C22AA5D00B7BB9E /* UWNetworkingEngine.swift */; };
		5ECDA99E1C22AE7B00B7BB9E /* UWSongMetadata.swift in Sources */ = {isa = PBXBuildFile; fileRef = 5ECDA99D1C22AE7B00B7BB9E /* UWSongMetadata.swift */; };
		5ECDA9A11C22B3A000B7BB9E /* AnimatablePlayButton.swift in Sources */ = {isa = PBXBuildFile; fileRef = 5ECDA99F1C22B3A000B7BB9E /* AnimatablePlayButton.swift */; };
		5ECDA9A21C22B3A000B7BB9E /* CAPSPageMenu.swift in Sources */ = {isa = PBXBuildFile; fileRef = 5ECDA9A01C22B3A000B7BB9E /* CAPSPageMenu.swift */; };
		F030C44D675C41FB02DF6C59 /* Pods_UWave_IOS.framework in Frameworks */ = {isa = PBXBuildFile; fileRef = 136E75A08E0CE99F32A5819A /* Pods_UWave_IOS.framework */; };
/* End PBXBuildFile section */

/* Begin PBXFileReference section */
		136E75A08E0CE99F32A5819A /* Pods_UWave_IOS.framework */ = {isa = PBXFileReference; explicitFileType = wrapper.framework; includeInIndex = 0; path = Pods_UWave_IOS.framework; sourceTree = BUILT_PRODUCTS_DIR; };
		5ECDA9271C225F6000B7BB9E /* UWave-IOS.app */ = {isa = PBXFileReference; explicitFileType = wrapper.application; includeInIndex = 0; path = "UWave-IOS.app"; sourceTree = BUILT_PRODUCTS_DIR; };
		5ECDA92A1C225F6000B7BB9E /* UWAppDelegate.swift */ = {isa = PBXFileReference; lastKnownFileType = sourcecode.swift; path = UWAppDelegate.swift; sourceTree = "<group>"; };
		5ECDA92C1C225F6000B7BB9E /* UWViewController.swift */ = {isa = PBXFileReference; lastKnownFileType = sourcecode.swift; path = UWViewController.swift; sourceTree = "<group>"; };
		5ECDA92F1C225F6000B7BB9E /* Base */ = {isa = PBXFileReference; lastKnownFileType = file.storyboard; name = Base; path = Base.lproj/Main.storyboard; sourceTree = "<group>"; };
		5ECDA9311C225F6000B7BB9E /* Assets.xcassets */ = {isa = PBXFileReference; lastKnownFileType = folder.assetcatalog; path = Assets.xcassets; sourceTree = "<group>"; };
		5ECDA9341C225F6000B7BB9E /* Base */ = {isa = PBXFileReference; lastKnownFileType = file.storyboard; name = Base; path = Base.lproj/LaunchScreen.storyboard; sourceTree = "<group>"; };
		5ECDA9361C225F6000B7BB9E /* Info.plist */ = {isa = PBXFileReference; lastKnownFileType = text.plist.xml; path = Info.plist; sourceTree = "<group>"; };
		5ECDA93C1C22601400B7BB9E /* UWRadioPlayer.swift */ = {isa = PBXFileReference; fileEncoding = 4; lastKnownFileType = sourcecode.swift; path = UWRadioPlayer.swift; sourceTree = "<group>"; };
		5ECDA9751C22605700B7BB9E /* Icon-60.png */ = {isa = PBXFileReference; lastKnownFileType = image.png; path = "Icon-60.png"; sourceTree = "<group>"; };
		5ECDA9761C22605700B7BB9E /* Icon-72.png */ = {isa = PBXFileReference; lastKnownFileType = image.png; path = "Icon-72.png"; sourceTree = "<group>"; };
		5ECDA9771C22605700B7BB9E /* Icon-72@2x.png */ = {isa = PBXFileReference; lastKnownFileType = image.png; path = "Icon-72@2x.png"; sourceTree = "<group>"; };
		5ECDA9781C22605700B7BB9E /* Icon-Small-50.png */ = {isa = PBXFileReference; lastKnownFileType = image.png; path = "Icon-Small-50.png"; sourceTree = "<group>"; };
		5ECDA9791C22605700B7BB9E /* Icon-Small-50@2x.png */ = {isa = PBXFileReference; lastKnownFileType = image.png; path = "Icon-Small-50@2x.png"; sourceTree = "<group>"; };
		5ECDA97A1C22605700B7BB9E /* Icon.png */ = {isa = PBXFileReference; lastKnownFileType = image.png; path = Icon.png; sourceTree = "<group>"; };
		5ECDA97B1C22605700B7BB9E /* Icon@2x.png */ = {isa = PBXFileReference; lastKnownFileType = image.png; path = "Icon@2x.png"; sourceTree = "<group>"; };
		5ECDA97C1C22605700B7BB9E /* iTunesArtwork.png */ = {isa = PBXFileReference; lastKnownFileType = image.png; path = iTunesArtwork.png; sourceTree = "<group>"; };
		5ECDA97D1C22605700B7BB9E /* iTunesArtwork@2x.png */ = {isa = PBXFileReference; lastKnownFileType = image.png; path = "iTunesArtwork@2x.png"; sourceTree = "<group>"; };
		5ECDA97E1C22605700B7BB9E /* logo.png */ = {isa = PBXFileReference; lastKnownFileType = image.png; path = logo.png; sourceTree = "<group>"; };
		5ECDA97F1C22605700B7BB9E /* swoosh.png */ = {isa = PBXFileReference; lastKnownFileType = image.png; path = swoosh.png; sourceTree = "<group>"; };
		5ECDA9801C22605700B7BB9E /* UWavePauseButton.png */ = {isa = PBXFileReference; lastKnownFileType = image.png; path = UWavePauseButton.png; sourceTree = "<group>"; };
		5ECDA9811C22605700B7BB9E /* UWavePlayButton.png */ = {isa = PBXFileReference; lastKnownFileType = image.png; path = UWavePlayButton.png; sourceTree = "<group>"; };
		5ECDA9911C2295BA00B7BB9E /* UWPlayPauseButton.swift */ = {isa = PBXFileReference; fileEncoding = 4; lastKnownFileType = sourcecode.swift; path = UWPlayPauseButton.swift; sourceTree = "<group>"; };
		5ECDA9961C22A6ED00B7BB9E /* UIColor.swift */ = {isa = PBXFileReference; fileEncoding = 4; lastKnownFileType = sourcecode.swift; path = UIColor.swift; sourceTree = "<group>"; };
		5ECDA9981C22AA2800B7BB9E /* UWApp.swift */ = {isa = PBXFileReference; fileEncoding = 4; lastKnownFileType = sourcecode.swift; path = UWApp.swift; sourceTree = "<group>"; };
		5ECDA99A1C22AA5D00B7BB9E /* UWNetworkingEngine.swift */ = {isa = PBXFileReference; fileEncoding = 4; lastKnownFileType = sourcecode.swift; path = UWNetworkingEngine.swift; sourceTree = "<group>"; };
		5ECDA99D1C22AE7B00B7BB9E /* UWSongMetadata.swift */ = {isa = PBXFileReference; fileEncoding = 4; lastKnownFileType = sourcecode.swift; path = UWSongMetadata.swift; sourceTree = "<group>"; };
		5ECDA99F1C22B3A000B7BB9E /* AnimatablePlayButton.swift */ = {isa = PBXFileReference; fileEncoding = 4; lastKnownFileType = sourcecode.swift; name = AnimatablePlayButton.swift; path = "UWave-IOS/Frameworks/AnimatablePlayButton.swift"; sourceTree = "<group>"; };
		5ECDA9A01C22B3A000B7BB9E /* CAPSPageMenu.swift */ = {isa = PBXFileReference; fileEncoding = 4; lastKnownFileType = sourcecode.swift; name = CAPSPageMenu.swift; path = "UWave-IOS/Frameworks/CAPSPageMenu.swift"; sourceTree = "<group>"; };
		709240EAA9DFBF389CF30FF1 /* Pods-UWave-IOS.debug.xcconfig */ = {isa = PBXFileReference; includeInIndex = 1; lastKnownFileType = text.xcconfig; name = "Pods-UWave-IOS.debug.xcconfig"; path = "Pods/Target Support Files/Pods-UWave-IOS/Pods-UWave-IOS.debug.xcconfig"; sourceTree = "<group>"; };
		DC66C1A2A06E1BC13009FF1D /* Pods-UWave-IOS.release.xcconfig */ = {isa = PBXFileReference; includeInIndex = 1; lastKnownFileType = text.xcconfig; name = "Pods-UWave-IOS.release.xcconfig"; path = "Pods/Target Support Files/Pods-UWave-IOS/Pods-UWave-IOS.release.xcconfig"; sourceTree = "<group>"; };
/* End PBXFileReference section */

/* Begin PBXFrameworksBuildPhase section */
		5ECDA9241C225F6000B7BB9E /* Frameworks */ = {
			isa = PBXFrameworksBuildPhase;
			buildActionMask = 2147483647;
			files = (
				F030C44D675C41FB02DF6C59 /* Pods_UWave_IOS.framework in Frameworks */,
			);
			runOnlyForDeploymentPostprocessing = 0;
		};
/* End PBXFrameworksBuildPhase section */

/* Begin PBXGroup section */
		5ECDA91E1C225F6000B7BB9E = {
			isa = PBXGroup;
			children = (
				5ECDA9291C225F6000B7BB9E /* UWave-IOS */,
				5ECDA9281C225F6000B7BB9E /* Products */,
				DE05A2D59E0DA258A7CE932B /* Pods */,
				7ED7117E7A8677989B33AD1C /* Frameworks */,
			);
			sourceTree = "<group>";
		};
		5ECDA9281C225F6000B7BB9E /* Products */ = {
			isa = PBXGroup;
			children = (
				5ECDA9271C225F6000B7BB9E /* UWave-IOS.app */,
			);
			name = Products;
			sourceTree = "<group>";
		};
		5ECDA9291C225F6000B7BB9E /* UWave-IOS */ = {
			isa = PBXGroup;
			children = (
				5ECDA9A41C22B52A00B7BB9E /* Core */,
				5ECDA9A31C22B51E00B7BB9E /* Extensions */,
				5ECDA99C1C22AE7000B7BB9E /* Model */,
				5ECDA9A51C22B53600B7BB9E /* View */,
				5ECDA9A61C22B53D00B7BB9E /* Controller */,
				5ECDA9A71C22B56A00B7BB9E /* Supporting Files */,
			);
			path = "UWave-IOS";
			sourceTree = "<group>";
		};
		5ECDA9741C22605700B7BB9E /* Images */ = {
			isa = PBXGroup;
			children = (
				5ECDA9751C22605700B7BB9E /* Icon-60.png */,
				5ECDA9761C22605700B7BB9E /* Icon-72.png */,
				5ECDA9771C22605700B7BB9E /* Icon-72@2x.png */,
				5ECDA9781C22605700B7BB9E /* Icon-Small-50.png */,
				5ECDA9791C22605700B7BB9E /* Icon-Small-50@2x.png */,
				5ECDA97A1C22605700B7BB9E /* Icon.png */,
				5ECDA97B1C22605700B7BB9E /* Icon@2x.png */,
				5ECDA97C1C22605700B7BB9E /* iTunesArtwork.png */,
				5ECDA97D1C22605700B7BB9E /* iTunesArtwork@2x.png */,
				5ECDA97E1C22605700B7BB9E /* logo.png */,
				5ECDA97F1C22605700B7BB9E /* swoosh.png */,
				5ECDA9801C22605700B7BB9E /* UWavePauseButton.png */,
				5ECDA9811C22605700B7BB9E /* UWavePlayButton.png */,
			);
			path = Images;
			sourceTree = "<group>";
		};
		5ECDA99C1C22AE7000B7BB9E /* Model */ = {
			isa = PBXGroup;
			children = (
				5ECDA99D1C22AE7B00B7BB9E /* UWSongMetadata.swift */,
			);
			name = Model;
			sourceTree = "<group>";
		};
		5ECDA9A31C22B51E00B7BB9E /* Extensions */ = {
			isa = PBXGroup;
			children = (
				5ECDA9961C22A6ED00B7BB9E /* UIColor.swift */,
			);
			name = Extensions;
			sourceTree = "<group>";
		};
		5ECDA9A41C22B52A00B7BB9E /* Core */ = {
			isa = PBXGroup;
			children = (
				5ECDA92A1C225F6000B7BB9E /* UWAppDelegate.swift */,
				5ECDA9981C22AA2800B7BB9E /* UWApp.swift */,
				5ECDA99A1C22AA5D00B7BB9E /* UWNetworkingEngine.swift */,
				5ECDA9331C225F6000B7BB9E /* LaunchScreen.storyboard */,
			);
			name = Core;
			sourceTree = "<group>";
		};
		5ECDA9A51C22B53600B7BB9E /* View */ = {
			isa = PBXGroup;
			children = (
				5ECDA92E1C225F6000B7BB9E /* Main.storyboard */,
				5ECDA92C1C225F6000B7BB9E /* UWViewController.swift */,
				5ECDA9911C2295BA00B7BB9E /* UWPlayPauseButton.swift */,
			);
			name = View;
			sourceTree = "<group>";
		};
		5ECDA9A61C22B53D00B7BB9E /* Controller */ = {
			isa = PBXGroup;
			children = (
				5ECDA93C1C22601400B7BB9E /* UWRadioPlayer.swift */,
			);
			name = Controller;
			sourceTree = "<group>";
		};
		5ECDA9A71C22B56A00B7BB9E /* Supporting Files */ = {
			isa = PBXGroup;
			children = (
				5ECDA9741C22605700B7BB9E /* Images */,
				5ECDA9311C225F6000B7BB9E /* Assets.xcassets */,
				5ECDA9361C225F6000B7BB9E /* Info.plist */,
			);
			name = "Supporting Files";
			sourceTree = "<group>";
		};
		7ED7117E7A8677989B33AD1C /* Frameworks */ = {
			isa = PBXGroup;
			children = (
				5ECDA99F1C22B3A000B7BB9E /* AnimatablePlayButton.swift */,
				5ECDA9A01C22B3A000B7BB9E /* CAPSPageMenu.swift */,
				136E75A08E0CE99F32A5819A /* Pods_UWave_IOS.framework */,
			);
			name = Frameworks;
			sourceTree = "<group>";
		};
		DE05A2D59E0DA258A7CE932B /* Pods */ = {
			isa = PBXGroup;
			children = (
				709240EAA9DFBF389CF30FF1 /* Pods-UWave-IOS.debug.xcconfig */,
				DC66C1A2A06E1BC13009FF1D /* Pods-UWave-IOS.release.xcconfig */,
			);
			name = Pods;
			sourceTree = "<group>";
		};
/* End PBXGroup section */

/* Begin PBXNativeTarget section */
		5ECDA9261C225F6000B7BB9E /* UWave-IOS */ = {
			isa = PBXNativeTarget;
			buildConfigurationList = 5ECDA9391C225F6000B7BB9E /* Build configuration list for PBXNativeTarget "UWave-IOS" */;
			buildPhases = (
				7EE205E9433590BE211BC7CE /* Check Pods Manifest.lock */,
				5ECDA9231C225F6000B7BB9E /* Sources */,
				5ECDA9241C225F6000B7BB9E /* Frameworks */,
				5ECDA9251C225F6000B7BB9E /* Resources */,
				EBA2AA6CDAEA68067554C568 /* Embed Pods Frameworks */,
				019E3D0B7FF9F3CC9882021E /* Copy Pods Resources */,
			);
			buildRules = (
			);
			dependencies = (
			);
			name = "UWave-IOS";
			productName = "UWave-IOS";
			productReference = 5ECDA9271C225F6000B7BB9E /* UWave-IOS.app */;
			productType = "com.apple.product-type.application";
		};
/* End PBXNativeTarget section */

/* Begin PBXProject section */
		5ECDA91F1C225F6000B7BB9E /* Project object */ = {
			isa = PBXProject;
			attributes = {
				LastSwiftUpdateCheck = 0720;
				LastUpgradeCheck = 0720;
				ORGANIZATIONNAME = HappinessDevelopment;
				TargetAttributes = {
					5ECDA9261C225F6000B7BB9E = {
						CreatedOnToolsVersion = 7.2;
					};
				};
			};
			buildConfigurationList = 5ECDA9221C225F6000B7BB9E /* Build configuration list for PBXProject "UWave-IOS" */;
			compatibilityVersion = "Xcode 3.2";
			developmentRegion = English;
			hasScannedForEncodings = 0;
			knownRegions = (
				en,
				Base,
			);
			mainGroup = 5ECDA91E1C225F6000B7BB9E;
			productRefGroup = 5ECDA9281C225F6000B7BB9E /* Products */;
			projectDirPath = "";
			projectRoot = "";
			targets = (
				5ECDA9261C225F6000B7BB9E /* UWave-IOS */,
			);
		};
/* End PBXProject section */

/* Begin PBXResourcesBuildPhase section */
		5ECDA9251C225F6000B7BB9E /* Resources */ = {
			isa = PBXResourcesBuildPhase;
			buildActionMask = 2147483647;
			files = (
				5ECDA98E1C22605700B7BB9E /* UWavePlayButton.png in Resources */,
				5ECDA98B1C22605700B7BB9E /* logo.png in Resources */,
				5ECDA9871C22605700B7BB9E /* Icon.png in Resources */,
				5ECDA9351C225F6000B7BB9E /* LaunchScreen.storyboard in Resources */,
				5ECDA9851C22605700B7BB9E /* Icon-Small-50.png in Resources */,
				5ECDA9861C22605700B7BB9E /* Icon-Small-50@2x.png in Resources */,
				5ECDA9831C22605700B7BB9E /* Icon-72.png in Resources */,
				5ECDA98D1C22605700B7BB9E /* UWavePauseButton.png in Resources */,
				5ECDA98C1C22605700B7BB9E /* swoosh.png in Resources */,
				5ECDA9841C22605700B7BB9E /* Icon-72@2x.png in Resources */,
				5ECDA9891C22605700B7BB9E /* iTunesArtwork.png in Resources */,
				5ECDA98A1C22605700B7BB9E /* iTunesArtwork@2x.png in Resources */,
				5ECDA9321C225F6000B7BB9E /* Assets.xcassets in Resources */,
				5ECDA9821C22605700B7BB9E /* Icon-60.png in Resources */,
				5ECDA9301C225F6000B7BB9E /* Main.storyboard in Resources */,
				5ECDA9881C22605700B7BB9E /* Icon@2x.png in Resources */,
			);
			runOnlyForDeploymentPostprocessing = 0;
		};
/* End PBXResourcesBuildPhase section */

/* Begin PBXShellScriptBuildPhase section */
		019E3D0B7FF9F3CC9882021E /* Copy Pods Resources */ = {
			isa = PBXShellScriptBuildPhase;
			buildActionMask = 2147483647;
			files = (
			);
			inputPaths = (
			);
			name = "Copy Pods Resources";
			outputPaths = (
			);
			runOnlyForDeploymentPostprocessing = 0;
			shellPath = /bin/sh;
			shellScript = "\"${SRCROOT}/Pods/Target Support Files/Pods-UWave-IOS/Pods-UWave-IOS-resources.sh\"\n";
			showEnvVarsInLog = 0;
		};
		7EE205E9433590BE211BC7CE /* Check Pods Manifest.lock */ = {
			isa = PBXShellScriptBuildPhase;
			buildActionMask = 2147483647;
			files = (
			);
			inputPaths = (
			);
			name = "Check Pods Manifest.lock";
			outputPaths = (
			);
			runOnlyForDeploymentPostprocessing = 0;
			shellPath = /bin/sh;
			shellScript = "diff \"${PODS_ROOT}/../Podfile.lock\" \"${PODS_ROOT}/Manifest.lock\" > /dev/null\nif [[ $? != 0 ]] ; then\n    cat << EOM\nerror: The sandbox is not in sync with the Podfile.lock. Run 'pod install' or update your CocoaPods installation.\nEOM\n    exit 1\nfi\n";
			showEnvVarsInLog = 0;
		};
		EBA2AA6CDAEA68067554C568 /* Embed Pods Frameworks */ = {
			isa = PBXShellScriptBuildPhase;
			buildActionMask = 2147483647;
			files = (
			);
			inputPaths = (
			);
			name = "Embed Pods Frameworks";
			outputPaths = (
			);
			runOnlyForDeploymentPostprocessing = 0;
			shellPath = /bin/sh;
			shellScript = "\"${SRCROOT}/Pods/Target Support Files/Pods-UWave-IOS/Pods-UWave-IOS-frameworks.sh\"\n";
			showEnvVarsInLog = 0;
		};
/* End PBXShellScriptBuildPhase section */

/* Begin PBXSourcesBuildPhase section */
		5ECDA9231C225F6000B7BB9E /* Sources */ = {
			isa = PBXSourcesBuildPhase;
			buildActionMask = 2147483647;
			files = (
				5ECDA99B1C22AA5D00B7BB9E /* UWNetworkingEngine.swift in Sources */,
				5ECDA9921C2295BA00B7BB9E /* UWPlayPauseButton.swift in Sources */,
				5ECDA9A21C22B3A000B7BB9E /* CAPSPageMenu.swift in Sources */,
				5ECDA9971C22A6ED00B7BB9E /* UIColor.swift in Sources */,
				5ECDA93D1C22601400B7BB9E /* UWRadioPlayer.swift in Sources */,
				5ECDA9991C22AA2800B7BB9E /* UWApp.swift in Sources */,
				5ECDA99E1C22AE7B00B7BB9E /* UWSongMetadata.swift in Sources */,
				5ECDA92D1C225F6000B7BB9E /* UWViewController.swift in Sources */,
				5ECDA9A11C22B3A000B7BB9E /* AnimatablePlayButton.swift in Sources */,
				5ECDA92B1C225F6000B7BB9E /* UWAppDelegate.swift in Sources */,
			);
			runOnlyForDeploymentPostprocessing = 0;
		};
/* End PBXSourcesBuildPhase section */

/* Begin PBXVariantGroup section */
		5ECDA92E1C225F6000B7BB9E /* Main.storyboard */ = {
			isa = PBXVariantGroup;
			children = (
				5ECDA92F1C225F6000B7BB9E /* Base */,
			);
			name = Main.storyboard;
			sourceTree = "<group>";
		};
		5ECDA9331C225F6000B7BB9E /* LaunchScreen.storyboard */ = {
			isa = PBXVariantGroup;
			children = (
				5ECDA9341C225F6000B7BB9E /* Base */,
			);
			name = LaunchScreen.storyboard;
			sourceTree = "<group>";
		};
/* End PBXVariantGroup section */

/* Begin XCBuildConfiguration section */
		5ECDA9371C225F6000B7BB9E /* Debug */ = {
			isa = XCBuildConfiguration;
			buildSettings = {
				ALWAYS_SEARCH_USER_PATHS = NO;
				CLANG_CXX_LANGUAGE_STANDARD = "gnu++0x";
				CLANG_CXX_LIBRARY = "libc++";
				CLANG_ENABLE_MODULES = YES;
				CLANG_ENABLE_OBJC_ARC = YES;
				CLANG_WARN_BOOL_CONVERSION = YES;
				CLANG_WARN_CONSTANT_CONVERSION = YES;
				CLANG_WARN_DIRECT_OBJC_ISA_USAGE = YES_ERROR;
				CLANG_WARN_EMPTY_BODY = YES;
				CLANG_WARN_ENUM_CONVERSION = YES;
				CLANG_WARN_INT_CONVERSION = YES;
				CLANG_WARN_OBJC_ROOT_CLASS = YES_ERROR;
				CLANG_WARN_UNREACHABLE_CODE = YES;
				CLANG_WARN__DUPLICATE_METHOD_MATCH = YES;
				"CODE_SIGN_IDENTITY[sdk=iphoneos*]" = "iPhone Developer";
				COPY_PHASE_STRIP = NO;
				DEBUG_INFORMATION_FORMAT = dwarf;
				ENABLE_STRICT_OBJC_MSGSEND = YES;
				ENABLE_TESTABILITY = YES;
				GCC_C_LANGUAGE_STANDARD = gnu99;
				GCC_DYNAMIC_NO_PIC = NO;
				GCC_NO_COMMON_BLOCKS = YES;
				GCC_OPTIMIZATION_LEVEL = 0;
				GCC_PREPROCESSOR_DEFINITIONS = (
					"DEBUG=1",
					"$(inherited)",
				);
				GCC_WARN_64_TO_32_BIT_CONVERSION = YES;
				GCC_WARN_ABOUT_RETURN_TYPE = YES_ERROR;
				GCC_WARN_UNDECLARED_SELECTOR = YES;
				GCC_WARN_UNINITIALIZED_AUTOS = YES_AGGRESSIVE;
				GCC_WARN_UNUSED_FUNCTION = YES;
				GCC_WARN_UNUSED_VARIABLE = YES;
				IPHONEOS_DEPLOYMENT_TARGET = 9.2;
				MTL_ENABLE_DEBUG_INFO = YES;
				ONLY_ACTIVE_ARCH = YES;
				SDKROOT = iphoneos;
				SWIFT_OPTIMIZATION_LEVEL = "-Onone";
			};
			name = Debug;
		};
		5ECDA9381C225F6000B7BB9E /* Release */ = {
			isa = XCBuildConfiguration;
			buildSettings = {
				ALWAYS_SEARCH_USER_PATHS = NO;
				CLANG_CXX_LANGUAGE_STANDARD = "gnu++0x";
				CLANG_CXX_LIBRARY = "libc++";
				CLANG_ENABLE_MODULES = YES;
				CLANG_ENABLE_OBJC_ARC = YES;
				CLANG_WARN_BOOL_CONVERSION = YES;
				CLANG_WARN_CONSTANT_CONVERSION = YES;
				CLANG_WARN_DIRECT_OBJC_ISA_USAGE = YES_ERROR;
				CLANG_WARN_EMPTY_BODY = YES;
				CLANG_WARN_ENUM_CONVERSION = YES;
				CLANG_WARN_INT_CONVERSION = YES;
				CLANG_WARN_OBJC_ROOT_CLASS = YES_ERROR;
				CLANG_WARN_UNREACHABLE_CODE = YES;
				CLANG_WARN__DUPLICATE_METHOD_MATCH = YES;
				"CODE_SIGN_IDENTITY[sdk=iphoneos*]" = "iPhone Developer";
				COPY_PHASE_STRIP = NO;
				DEBUG_INFORMATION_FORMAT = "dwarf-with-dsym";
				ENABLE_NS_ASSERTIONS = NO;
				ENABLE_STRICT_OBJC_MSGSEND = YES;
				GCC_C_LANGUAGE_STANDARD = gnu99;
				GCC_NO_COMMON_BLOCKS = YES;
				GCC_WARN_64_TO_32_BIT_CONVERSION = YES;
				GCC_WARN_ABOUT_RETURN_TYPE = YES_ERROR;
				GCC_WARN_UNDECLARED_SELECTOR = YES;
				GCC_WARN_UNINITIALIZED_AUTOS = YES_AGGRESSIVE;
				GCC_WARN_UNUSED_FUNCTION = YES;
				GCC_WARN_UNUSED_VARIABLE = YES;
				IPHONEOS_DEPLOYMENT_TARGET = 9.2;
				MTL_ENABLE_DEBUG_INFO = NO;
				SDKROOT = iphoneos;
				VALIDATE_PRODUCT = YES;
			};
			name = Release;
		};
		5ECDA93A1C225F6000B7BB9E /* Debug */ = {
			isa = XCBuildConfiguration;
			baseConfigurationReference = 709240EAA9DFBF389CF30FF1 /* Pods-UWave-IOS.debug.xcconfig */;
			buildSettings = {
				ASSETCATALOG_COMPILER_APPICON_NAME = AppIcon;
				INFOPLIST_FILE = "UWave-IOS/Info.plist";
				LD_RUNPATH_SEARCH_PATHS = "$(inherited) @executable_path/Frameworks";
				PRODUCT_BUNDLE_IDENTIFIER = "HD.UWave-IOS";
				PRODUCT_NAME = "$(TARGET_NAME)";
			};
			name = Debug;
		};
		5ECDA93B1C225F6000B7BB9E /* Release */ = {
			isa = XCBuildConfiguration;
			baseConfigurationReference = DC66C1A2A06E1BC13009FF1D /* Pods-UWave-IOS.release.xcconfig */;
			buildSettings = {
				ASSETCATALOG_COMPILER_APPICON_NAME = AppIcon;
				INFOPLIST_FILE = "UWave-IOS/Info.plist";
				LD_RUNPATH_SEARCH_PATHS = "$(inherited) @executable_path/Frameworks";
				PRODUCT_BUNDLE_IDENTIFIER = "HD.UWave-IOS";
				PRODUCT_NAME = "$(TARGET_NAME)";
			};
			name = Release;
		};
/* End XCBuildConfiguration section */

/* Begin XCConfigurationList section */
		5ECDA9221C225F6000B7BB9E /* Build configuration list for PBXProject "UWave-IOS" */ = {
			isa = XCConfigurationList;
			buildConfigurations = (
				5ECDA9371C225F6000B7BB9E /* Debug */,
				5ECDA9381C225F6000B7BB9E /* Release */,
			);
			defaultConfigurationIsVisible = 0;
			defaultConfigurationName = Release;
		};
		5ECDA9391C225F6000B7BB9E /* Build configuration list for PBXNativeTarget "UWave-IOS" */ = {
			isa = XCConfigurationList;
			buildConfigurations = (
				5ECDA93A1C225F6000B7BB9E /* Debug */,
				5ECDA93B1C225F6000B7BB9E /* Release */,
			);
			defaultConfigurationIsVisible = 0;
			defaultConfigurationName = Release;
		};
/* End XCConfigurationList section */
	};
	rootObject = 5ECDA91F1C225F6000B7BB9E /* Project object */;
}
